PODS:
  - Kingfisher (4.10.0)
  - Toast-Swift (4.0.0)

DEPENDENCIES:
  - Kingfisher (~> 4.0)
  - Toast-Swift (~> 4.0.0)

SPEC REPOS:
  https://github.com/cocoapods/specs.git:
    - Kingfisher
    - Toast-Swift

SPEC CHECKSUMS:
  Kingfisher: 43c4b802d8b5256cf1f4379e9cd10b329be6d3e2
  Toast-Swift: 594b5c5e5129f15438e410207e43287f027b3c00

PODFILE CHECKSUM: d37d7b18bb3f4427c6b45fd5a9248f4690bb397c

COCOAPODS: 1.6.0.beta.1
