// !$*UTF8*$!
{
	archiveVersion = 1;
	classes = {
	};
	objectVersion = 51;
	objects = {

/* Begin PBXBuildFile section */
		AB1ACE13215384130070E578 /* ChannelsTableViewCell.swift in Sources */ = {isa = PBXBuildFile; fileRef = AB1ACE12215384130070E578 /* ChannelsTableViewCell.swift */; };
		AB42C9A92151A67300C3C367 /* AppDelegate.swift in Sources */ = {isa = PBXBuildFile; fileRef = AB42C9A82151A67300C3C367 /* AppDelegate.swift */; };
		AB42C9AE2151A67300C3C367 /* Main.storyboard in Resources */ = {isa = PBXBuildFile; fileRef = AB42C9AC2151A67300C3C367 /* Main.storyboard */; };
		AB42C9B02151A67400C3C367 /* Assets.xcassets in Resources */ = {isa = PBXBuildFile; fileRef = AB42C9AF2151A67400C3C367 /* Assets.xcassets */; };
		AB42C9B32151A67400C3C367 /* LaunchScreen.storyboard in Resources */ = {isa = PBXBuildFile; fileRef = AB42C9B12151A67400C3C367 /* LaunchScreen.storyboard */; };
		AB524469215BF0880024A5BD /* Checker.swift in Sources */ = {isa = PBXBuildFile; fileRef = AB524468215BF0880024A5BD /* Checker.swift */; };
		AB5336322183A4BD00247ED2 /* Extensions.swift in Sources */ = {isa = PBXBuildFile; fileRef = AB5336312183A4BD00247ED2 /* Extensions.swift */; };
		AB5336372183BEE400247ED2 /* Localizable.strings in Resources */ = {isa = PBXBuildFile; fileRef = AB5336392183BEE400247ED2 /* Localizable.strings */; };
		AB53363C2183D2DB00247ED2 /* FavoritesCollectionViewController.swift in Sources */ = {isa = PBXBuildFile; fileRef = AB53363B2183D2DB00247ED2 /* FavoritesCollectionViewController.swift */; };
		AB53363E2183D6AE00247ED2 /* FavoritesCollectionViewCell.swift in Sources */ = {isa = PBXBuildFile; fileRef = AB53363D2183D6AE00247ED2 /* FavoritesCollectionViewCell.swift */; };
		AB95780E215F97C900E3E1E6 /* ChannelsViewController.swift in Sources */ = {isa = PBXBuildFile; fileRef = AB95780D215F97C900E3E1E6 /* ChannelsViewController.swift */; };
		AB9780E921864CC000F59270 /* AppData.xcdatamodeld in Sources */ = {isa = PBXBuildFile; fileRef = AB9780E721864CC000F59270 /* AppData.xcdatamodeld */; };
		AB9780F021864DBB00F59270 /* Feed+CoreDataClass.swift in Sources */ = {isa = PBXBuildFile; fileRef = AB9780EA21864DBB00F59270 /* Feed+CoreDataClass.swift */; };
		AB9780F121864DBB00F59270 /* Feed+CoreDataProperties.swift in Sources */ = {isa = PBXBuildFile; fileRef = AB9780EB21864DBB00F59270 /* Feed+CoreDataProperties.swift */; };
		AB9780F221864DBB00F59270 /* FeedsList+CoreDataClass.swift in Sources */ = {isa = PBXBuildFile; fileRef = AB9780EC21864DBB00F59270 /* FeedsList+CoreDataClass.swift */; };
		AB9780F321864DBB00F59270 /* FeedsList+CoreDataProperties.swift in Sources */ = {isa = PBXBuildFile; fileRef = AB9780ED21864DBB00F59270 /* FeedsList+CoreDataProperties.swift */; };
		AB9780F821864E4700F59270 /* SavedMessages+CoreDataClass.swift in Sources */ = {isa = PBXBuildFile; fileRef = AB9780F621864E4700F59270 /* SavedMessages+CoreDataClass.swift */; };
		AB9780F921864E4700F59270 /* SavedMessages+CoreDataProperties.swift in Sources */ = {isa = PBXBuildFile; fileRef = AB9780F721864E4700F59270 /* SavedMessages+CoreDataProperties.swift */; };
		ABB09F842180EF1D00720F8F /* CustomFlowLayout.swift in Sources */ = {isa = PBXBuildFile; fileRef = ABB09F832180EF1D00720F8F /* CustomFlowLayout.swift */; };
		ABBAA03E2167CC28001B765A /* AlertControllers.swift in Sources */ = {isa = PBXBuildFile; fileRef = ABBAA03D2167CC28001B765A /* AlertControllers.swift */; };
		ABD4B3D0216AA5E300D58DC9 /* ContainerViewController.swift in Sources */ = {isa = PBXBuildFile; fileRef = ABD4B3CF216AA5E300D58DC9 /* ContainerViewController.swift */; };
		ABE38A0A2181156400DC5C34 /* CoreDataManager.swift in Sources */ = {isa = PBXBuildFile; fileRef = ABE38A092181156400DC5C34 /* CoreDataManager.swift */; };
		ABEB48C7217D32CD003009C4 /* Colors.swift in Sources */ = {isa = PBXBuildFile; fileRef = ABEB48C6217D32CD003009C4 /* Colors.swift */; };
		ABF34900215F45AC00FFF76B /* XMLParser.swift in Sources */ = {isa = PBXBuildFile; fileRef = ABF348FF215F45AC00FFF76B /* XMLParser.swift */; };
		ABF34907215F70DC00FFF76B /* FeedViewController.swift in Sources */ = {isa = PBXBuildFile; fileRef = ABF34906215F70DC00FFF76B /* FeedViewController.swift */; };
		ABF34909215F71B200FFF76B /* FeedCollectionViewCell.swift in Sources */ = {isa = PBXBuildFile; fileRef = ABF34908215F71B200FFF76B /* FeedCollectionViewCell.swift */; };
		C0A1702D2BC6DE0660D5DA84 /* Pods_RSS_Feed_Reader.framework in Frameworks */ = {isa = PBXBuildFile; fileRef = DF8FC32A144EBB825931E9A2 /* Pods_RSS_Feed_Reader.framework */; };
/* End PBXBuildFile section */

/* Begin PBXBuildRule section */
		AB3A74282188DE2300F5926E /* PBXBuildRule */ = {
			isa = PBXBuildRule;
			compilerSpec = com.apple.compilers.proxy.script;
			fileType = image.png;
			isEditable = 1;
			outputFiles = (
			);
			script = "# copypng\n";
		};
/* End PBXBuildRule section */

/* Begin PBXFileReference section */
		97C7BAAEAC8024DFED4CCBA0 /* Pods-RSS Feed Reader.debug.xcconfig */ = {isa = PBXFileReference; includeInIndex = 1; lastKnownFileType = text.xcconfig; name = "Pods-RSS Feed Reader.debug.xcconfig"; path = "Pods/Target Support Files/Pods-RSS Feed Reader/Pods-RSS Feed Reader.debug.xcconfig"; sourceTree = "<group>"; };
		AB1ACE12215384130070E578 /* ChannelsTableViewCell.swift */ = {isa = PBXFileReference; lastKnownFileType = sourcecode.swift; path = ChannelsTableViewCell.swift; sourceTree = "<group>"; };
		AB42C9A52151A67300C3C367 /* RSS Feed Reader.app */ = {isa = PBXFileReference; explicitFileType = wrapper.application; includeInIndex = 0; path = "RSS Feed Reader.app"; sourceTree = BUILT_PRODUCTS_DIR; };
		AB42C9A82151A67300C3C367 /* AppDelegate.swift */ = {isa = PBXFileReference; lastKnownFileType = sourcecode.swift; path = AppDelegate.swift; sourceTree = "<group>"; };
		AB42C9AD2151A67300C3C367 /* Base */ = {isa = PBXFileReference; lastKnownFileType = file.storyboard; name = Base; path = Base.lproj/Main.storyboard; sourceTree = "<group>"; };
		AB42C9AF2151A67400C3C367 /* Assets.xcassets */ = {isa = PBXFileReference; lastKnownFileType = folder.assetcatalog; path = Assets.xcassets; sourceTree = "<group>"; };
		AB42C9B22151A67400C3C367 /* Base */ = {isa = PBXFileReference; lastKnownFileType = file.storyboard; name = Base; path = Base.lproj/LaunchScreen.storyboard; sourceTree = "<group>"; };
		AB42C9B42151A67400C3C367 /* Info.plist */ = {isa = PBXFileReference; lastKnownFileType = text.plist.xml; path = Info.plist; sourceTree = "<group>"; };
		AB524468215BF0880024A5BD /* Checker.swift */ = {isa = PBXFileReference; lastKnownFileType = sourcecode.swift; path = Checker.swift; sourceTree = "<group>"; };
		AB5336312183A4BD00247ED2 /* Extensions.swift */ = {isa = PBXFileReference; lastKnownFileType = sourcecode.swift; path = Extensions.swift; sourceTree = "<group>"; };
		AB5336332183BCFE00247ED2 /* ru */ = {isa = PBXFileReference; lastKnownFileType = text.plist.strings; name = ru; path = ru.lproj/Main.strings; sourceTree = "<group>"; };
		AB5336342183BCFE00247ED2 /* ru */ = {isa = PBXFileReference; lastKnownFileType = text.plist.strings; name = ru; path = ru.lproj/LaunchScreen.strings; sourceTree = "<group>"; };
		AB5336382183BEE400247ED2 /* ru */ = {isa = PBXFileReference; lastKnownFileType = text.plist.strings; name = ru; path = ru.lproj/Localizable.strings; sourceTree = "<group>"; };
		AB53363B2183D2DB00247ED2 /* FavoritesCollectionViewController.swift */ = {isa = PBXFileReference; lastKnownFileType = sourcecode.swift; path = FavoritesCollectionViewController.swift; sourceTree = "<group>"; };
		AB53363D2183D6AE00247ED2 /* FavoritesCollectionViewCell.swift */ = {isa = PBXFileReference; lastKnownFileType = sourcecode.swift; path = FavoritesCollectionViewCell.swift; sourceTree = "<group>"; };
		AB95780D215F97C900E3E1E6 /* ChannelsViewController.swift */ = {isa = PBXFileReference; lastKnownFileType = sourcecode.swift; path = ChannelsViewController.swift; sourceTree = "<group>"; };
		AB9780E821864CC000F59270 /* AppData.xcdatamodel */ = {isa = PBXFileReference; lastKnownFileType = wrapper.xcdatamodel; path = AppData.xcdatamodel; sourceTree = "<group>"; };
		AB9780EA21864DBB00F59270 /* Feed+CoreDataClass.swift */ = {isa = PBXFileReference; lastKnownFileType = sourcecode.swift; path = "Feed+CoreDataClass.swift"; sourceTree = "<group>"; };
		AB9780EB21864DBB00F59270 /* Feed+CoreDataProperties.swift */ = {isa = PBXFileReference; lastKnownFileType = sourcecode.swift; path = "Feed+CoreDataProperties.swift"; sourceTree = "<group>"; };
		AB9780EC21864DBB00F59270 /* FeedsList+CoreDataClass.swift */ = {isa = PBXFileReference; lastKnownFileType = sourcecode.swift; path = "FeedsList+CoreDataClass.swift"; sourceTree = "<group>"; };
		AB9780ED21864DBB00F59270 /* FeedsList+CoreDataProperties.swift */ = {isa = PBXFileReference; lastKnownFileType = sourcecode.swift; path = "FeedsList+CoreDataProperties.swift"; sourceTree = "<group>"; };
		AB9780F621864E4700F59270 /* SavedMessages+CoreDataClass.swift */ = {isa = PBXFileReference; lastKnownFileType = sourcecode.swift; path = "SavedMessages+CoreDataClass.swift"; sourceTree = "<group>"; };
		AB9780F721864E4700F59270 /* SavedMessages+CoreDataProperties.swift */ = {isa = PBXFileReference; lastKnownFileType = sourcecode.swift; path = "SavedMessages+CoreDataProperties.swift"; sourceTree = "<group>"; };
		ABB09F832180EF1D00720F8F /* CustomFlowLayout.swift */ = {isa = PBXFileReference; lastKnownFileType = sourcecode.swift; path = CustomFlowLayout.swift; sourceTree = "<group>"; };
		ABBAA03D2167CC28001B765A /* AlertControllers.swift */ = {isa = PBXFileReference; lastKnownFileType = sourcecode.swift; path = AlertControllers.swift; sourceTree = "<group>"; };
		ABD4B3CF216AA5E300D58DC9 /* ContainerViewController.swift */ = {isa = PBXFileReference; lastKnownFileType = sourcecode.swift; path = ContainerViewController.swift; sourceTree = "<group>"; };
		ABE38A002181143F00DC5C34 /* CoreData.framework */ = {isa = PBXFileReference; lastKnownFileType = wrapper.framework; name = CoreData.framework; path = System/Library/Frameworks/CoreData.framework; sourceTree = SDKROOT; };
		ABE38A092181156400DC5C34 /* CoreDataManager.swift */ = {isa = PBXFileReference; lastKnownFileType = sourcecode.swift; path = CoreDataManager.swift; sourceTree = "<group>"; };
		ABEB48C6217D32CD003009C4 /* Colors.swift */ = {isa = PBXFileReference; lastKnownFileType = sourcecode.swift; path = Colors.swift; sourceTree = "<group>"; };
		ABF348FF215F45AC00FFF76B /* XMLParser.swift */ = {isa = PBXFileReference; lastKnownFileType = sourcecode.swift; path = XMLParser.swift; sourceTree = "<group>"; };
		ABF34906215F70DC00FFF76B /* FeedViewController.swift */ = {isa = PBXFileReference; lastKnownFileType = sourcecode.swift; path = FeedViewController.swift; sourceTree = "<group>"; };
		ABF34908215F71B200FFF76B /* FeedCollectionViewCell.swift */ = {isa = PBXFileReference; lastKnownFileType = sourcecode.swift; path = FeedCollectionViewCell.swift; sourceTree = "<group>"; };
		DF8FC32A144EBB825931E9A2 /* Pods_RSS_Feed_Reader.framework */ = {isa = PBXFileReference; explicitFileType = wrapper.framework; includeInIndex = 0; path = Pods_RSS_Feed_Reader.framework; sourceTree = BUILT_PRODUCTS_DIR; };
		E1BCAE0A4F9D1B9706CC4B6A /* Pods-RSS Feed Reader.release.xcconfig */ = {isa = PBXFileReference; includeInIndex = 1; lastKnownFileType = text.xcconfig; name = "Pods-RSS Feed Reader.release.xcconfig"; path = "Pods/Target Support Files/Pods-RSS Feed Reader/Pods-RSS Feed Reader.release.xcconfig"; sourceTree = "<group>"; };
/* End PBXFileReference section */

/* Begin PBXFrameworksBuildPhase section */
		AB42C9A22151A67300C3C367 /* Frameworks */ = {
			isa = PBXFrameworksBuildPhase;
			buildActionMask = 2147483647;
			files = (
				C0A1702D2BC6DE0660D5DA84 /* Pods_RSS_Feed_Reader.framework in Frameworks */,
			);
			runOnlyForDeploymentPostprocessing = 0;
		};
/* End PBXFrameworksBuildPhase section */

/* Begin PBXGroup section */
		226C5F1CD003DC2F7B157B32 /* Pods */ = {
			isa = PBXGroup;
			children = (
				97C7BAAEAC8024DFED4CCBA0 /* Pods-RSS Feed Reader.debug.xcconfig */,
				E1BCAE0A4F9D1B9706CC4B6A /* Pods-RSS Feed Reader.release.xcconfig */,
			);
			name = Pods;
			sourceTree = "<group>";
		};
		AB42C99C2151A67300C3C367 = {
			isa = PBXGroup;
			children = (
				AB42C9A72151A67300C3C367 /* RSS Feed Reader */,
				AB42C9A62151A67300C3C367 /* Products */,
				226C5F1CD003DC2F7B157B32 /* Pods */,
				D0E09B4DE9559AA796997520 /* Frameworks */,
			);
			sourceTree = "<group>";
			usesTabs = 0;
		};
		AB42C9A62151A67300C3C367 /* Products */ = {
			isa = PBXGroup;
			children = (
				AB42C9A52151A67300C3C367 /* RSS Feed Reader.app */,
			);
			name = Products;
			sourceTree = "<group>";
		};
		AB42C9A72151A67300C3C367 /* RSS Feed Reader */ = {
			isa = PBXGroup;
			children = (
				AB42C9A82151A67300C3C367 /* AppDelegate.swift */,
				AB42C9AF2151A67400C3C367 /* Assets.xcassets */,
				AB42C9B42151A67400C3C367 /* Info.plist */,
				AB5336392183BEE400247ED2 /* Localizable.strings */,
				ABEBB17C215F9F1800171A07 /* Models */,
				ABBFFD882167973F00025D1D /* View */,
				ABEBB17A215F9ECA00171A07 /* Controllers */,
				ABB09F9E2180F6C100720F8F /* DataModel */,
			);
			path = "RSS Feed Reader";
			sourceTree = "<group>";
		};
		ABB09F9E2180F6C100720F8F /* DataModel */ = {
			isa = PBXGroup;
			children = (
				AB9780E721864CC000F59270 /* AppData.xcdatamodeld */,
				ABE38A092181156400DC5C34 /* CoreDataManager.swift */,
				AB9780EC21864DBB00F59270 /* FeedsList+CoreDataClass.swift */,
				AB9780ED21864DBB00F59270 /* FeedsList+CoreDataProperties.swift */,
				AB9780EA21864DBB00F59270 /* Feed+CoreDataClass.swift */,
				AB9780EB21864DBB00F59270 /* Feed+CoreDataProperties.swift */,
				AB9780F621864E4700F59270 /* SavedMessages+CoreDataClass.swift */,
				AB9780F721864E4700F59270 /* SavedMessages+CoreDataProperties.swift */,
			);
			path = DataModel;
			sourceTree = "<group>";
		};
		ABBFFD882167973F00025D1D /* View */ = {
			isa = PBXGroup;
			children = (
				AB42C9AC2151A67300C3C367 /* Main.storyboard */,
				AB42C9B12151A67400C3C367 /* LaunchScreen.storyboard */,
			);
			path = View;
			sourceTree = "<group>";
		};
		ABEBB17A215F9ECA00171A07 /* Controllers */ = {
			isa = PBXGroup;
			children = (
				ABD4B3CF216AA5E300D58DC9 /* ContainerViewController.swift */,
				AB95780D215F97C900E3E1E6 /* ChannelsViewController.swift */,
				AB1ACE12215384130070E578 /* ChannelsTableViewCell.swift */,
				ABF34906215F70DC00FFF76B /* FeedViewController.swift */,
				ABF34908215F71B200FFF76B /* FeedCollectionViewCell.swift */,
				AB53363B2183D2DB00247ED2 /* FavoritesCollectionViewController.swift */,
				AB53363D2183D6AE00247ED2 /* FavoritesCollectionViewCell.swift */,
				ABB09F832180EF1D00720F8F /* CustomFlowLayout.swift */,
			);
			path = Controllers;
			sourceTree = "<group>";
		};
		ABEBB17C215F9F1800171A07 /* Models */ = {
			isa = PBXGroup;
			children = (
				ABBAA03D2167CC28001B765A /* AlertControllers.swift */,
				AB524468215BF0880024A5BD /* Checker.swift */,
				ABF348FF215F45AC00FFF76B /* XMLParser.swift */,
				ABEB48C6217D32CD003009C4 /* Colors.swift */,
				AB5336312183A4BD00247ED2 /* Extensions.swift */,
			);
			path = Models;
			sourceTree = "<group>";
		};
		D0E09B4DE9559AA796997520 /* Frameworks */ = {
			isa = PBXGroup;
			children = (
				ABE38A002181143F00DC5C34 /* CoreData.framework */,
				DF8FC32A144EBB825931E9A2 /* Pods_RSS_Feed_Reader.framework */,
			);
			name = Frameworks;
			sourceTree = "<group>";
		};
/* End PBXGroup section */

/* Begin PBXNativeTarget section */
		AB42C9A42151A67300C3C367 /* RSS Feed Reader */ = {
			isa = PBXNativeTarget;
			buildConfigurationList = AB42C9B72151A67400C3C367 /* Build configuration list for PBXNativeTarget "RSS Feed Reader" */;
			buildPhases = (
				A7C32E61DA8661EE180D4260 /* [CP] Check Pods Manifest.lock */,
				AB42C9A12151A67300C3C367 /* Sources */,
				AB42C9A22151A67300C3C367 /* Frameworks */,
				AB42C9A32151A67300C3C367 /* Resources */,
				CA40F53D4ECBB4B8B6AEDF47 /* [CP] Embed Pods Frameworks */,
			);
			buildRules = (
				AB3A74282188DE2300F5926E /* PBXBuildRule */,
			);
			dependencies = (
			);
			name = "RSS Feed Reader";
			productName = "RSS Feed Reader";
			productReference = AB42C9A52151A67300C3C367 /* RSS Feed Reader.app */;
			productType = "com.apple.product-type.application";
		};
/* End PBXNativeTarget section */

/* Begin PBXProject section */
		AB42C99D2151A67300C3C367 /* Project object */ = {
			isa = PBXProject;
			attributes = {
				LastSwiftUpdateCheck = 1000;
				LastUpgradeCheck = 1000;
				ORGANIZATIONNAME = "Алексей Воронов";
				TargetAttributes = {
					AB42C9A42151A67300C3C367 = {
						CreatedOnToolsVersion = 10.0;
						SystemCapabilities = {
							com.apple.ApplicationGroups.iOS = {
								enabled = 0;
							};
							com.apple.BackgroundModes = {
								enabled = 0;
							};
						};
					};
				};
			};
			buildConfigurationList = AB42C9A02151A67300C3C367 /* Build configuration list for PBXProject "RSS Feed Reader" */;
			compatibilityVersion = "Xcode 10.0";
			developmentRegion = en;
			hasScannedForEncodings = 0;
			knownRegions = (
				en,
				Base,
			);
			mainGroup = AB42C99C2151A67300C3C367;
			productRefGroup = AB42C9A62151A67300C3C367 /* Products */;
			projectDirPath = "";
			projectRoot = "";
			targets = (
				AB42C9A42151A67300C3C367 /* RSS Feed Reader */,
			);
		};
/* End PBXProject section */

/* Begin PBXResourcesBuildPhase section */
		AB42C9A32151A67300C3C367 /* Resources */ = {
			isa = PBXResourcesBuildPhase;
			buildActionMask = 2147483647;
			files = (
				AB5336372183BEE400247ED2 /* Localizable.strings in Resources */,
				AB42C9B32151A67400C3C367 /* LaunchScreen.storyboard in Resources */,
				AB42C9B02151A67400C3C367 /* Assets.xcassets in Resources */,
				AB42C9AE2151A67300C3C367 /* Main.storyboard in Resources */,
			);
			runOnlyForDeploymentPostprocessing = 0;
		};
/* End PBXResourcesBuildPhase section */

/* Begin PBXShellScriptBuildPhase section */
		A7C32E61DA8661EE180D4260 /* [CP] Check Pods Manifest.lock */ = {
			isa = PBXShellScriptBuildPhase;
			buildActionMask = 2147483647;
			files = (
			);
			inputFileListPaths = (
			);
			inputPaths = (
				"${PODS_PODFILE_DIR_PATH}/Podfile.lock",
				"${PODS_ROOT}/Manifest.lock",
			);
			name = "[CP] Check Pods Manifest.lock";
			outputFileListPaths = (
			);
			outputPaths = (
				"$(DERIVED_FILE_DIR)/Pods-RSS Feed Reader-checkManifestLockResult.txt",
			);
			runOnlyForDeploymentPostprocessing = 0;
			shellPath = /bin/sh;
			shellScript = "diff \"${PODS_PODFILE_DIR_PATH}/Podfile.lock\" \"${PODS_ROOT}/Manifest.lock\" > /dev/null\nif [ $? != 0 ] ; then\n    # print error to STDERR\n    echo \"error: The sandbox is not in sync with the Podfile.lock. Run 'pod install' or update your CocoaPods installation.\" >&2\n    exit 1\nfi\n# This output is used by Xcode 'outputs' to avoid re-running this script phase.\necho \"SUCCESS\" > \"${SCRIPT_OUTPUT_FILE_0}\"\n";
			showEnvVarsInLog = 0;
		};
		CA40F53D4ECBB4B8B6AEDF47 /* [CP] Embed Pods Frameworks */ = {
			isa = PBXShellScriptBuildPhase;
			buildActionMask = 2147483647;
			files = (
			);
			inputFileListPaths = (
			);
			inputPaths = (
				"${PODS_ROOT}/Target Support Files/Pods-RSS Feed Reader/Pods-RSS Feed Reader-frameworks.sh",
				"${BUILT_PRODUCTS_DIR}/Kingfisher/Kingfisher.framework",
				"${BUILT_PRODUCTS_DIR}/Toast-Swift/Toast_Swift.framework",
			);
			name = "[CP] Embed Pods Frameworks";
			outputFileListPaths = (
			);
			outputPaths = (
				"${TARGET_BUILD_DIR}/${FRAMEWORKS_FOLDER_PATH}/Kingfisher.framework",
				"${TARGET_BUILD_DIR}/${FRAMEWORKS_FOLDER_PATH}/Toast_Swift.framework",
			);
			runOnlyForDeploymentPostprocessing = 0;
			shellPath = /bin/sh;
			shellScript = "\"${PODS_ROOT}/Target Support Files/Pods-RSS Feed Reader/Pods-RSS Feed Reader-frameworks.sh\"\n";
			showEnvVarsInLog = 0;
		};
/* End PBXShellScriptBuildPhase section */

/* Begin PBXSourcesBuildPhase section */
		AB42C9A12151A67300C3C367 /* Sources */ = {
			isa = PBXSourcesBuildPhase;
			buildActionMask = 2147483647;
			files = (
				ABBAA03E2167CC28001B765A /* AlertControllers.swift in Sources */,
				ABEB48C7217D32CD003009C4 /* Colors.swift in Sources */,
				AB524469215BF0880024A5BD /* Checker.swift in Sources */,
				ABF34900215F45AC00FFF76B /* XMLParser.swift in Sources */,
				ABE38A0A2181156400DC5C34 /* CoreDataManager.swift in Sources */,
				AB9780F921864E4700F59270 /* SavedMessages+CoreDataProperties.swift in Sources */,
				AB1ACE13215384130070E578 /* ChannelsTableViewCell.swift in Sources */,
				AB53363C2183D2DB00247ED2 /* FavoritesCollectionViewController.swift in Sources */,
				AB9780E921864CC000F59270 /* AppData.xcdatamodeld in Sources */,
				AB95780E215F97C900E3E1E6 /* ChannelsViewController.swift in Sources */,
				ABB09F842180EF1D00720F8F /* CustomFlowLayout.swift in Sources */,
				AB9780F221864DBB00F59270 /* FeedsList+CoreDataClass.swift in Sources */,
				AB53363E2183D6AE00247ED2 /* FavoritesCollectionViewCell.swift in Sources */,
				AB9780F121864DBB00F59270 /* Feed+CoreDataProperties.swift in Sources */,
				AB9780F821864E4700F59270 /* SavedMessages+CoreDataClass.swift in Sources */,
				AB5336322183A4BD00247ED2 /* Extensions.swift in Sources */,
				AB42C9A92151A67300C3C367 /* AppDelegate.swift in Sources */,
				AB9780F021864DBB00F59270 /* Feed+CoreDataClass.swift in Sources */,
				ABF34909215F71B200FFF76B /* FeedCollectionViewCell.swift in Sources */,
				ABF34907215F70DC00FFF76B /* FeedViewController.swift in Sources */,
				ABD4B3D0216AA5E300D58DC9 /* ContainerViewController.swift in Sources */,
				AB9780F321864DBB00F59270 /* FeedsList+CoreDataProperties.swift in Sources */,
			);
			runOnlyForDeploymentPostprocessing = 0;
		};
/* End PBXSourcesBuildPhase section */

/* Begin PBXVariantGroup section */
		AB42C9AC2151A67300C3C367 /* Main.storyboard */ = {
			isa = PBXVariantGroup;
			children = (
				AB42C9AD2151A67300C3C367 /* Base */,
				AB5336332183BCFE00247ED2 /* ru */,
			);
			name = Main.storyboard;
			sourceTree = "<group>";
		};
		AB42C9B12151A67400C3C367 /* LaunchScreen.storyboard */ = {
			isa = PBXVariantGroup;
			children = (
				AB42C9B22151A67400C3C367 /* Base */,
				AB5336342183BCFE00247ED2 /* ru */,
			);
			name = LaunchScreen.storyboard;
			sourceTree = "<group>";
		};
		AB5336392183BEE400247ED2 /* Localizable.strings */ = {
			isa = PBXVariantGroup;
			children = (
				AB5336382183BEE400247ED2 /* ru */,
			);
			name = Localizable.strings;
			sourceTree = "<group>";
		};
/* End PBXVariantGroup section */

/* Begin XCBuildConfiguration section */
		AB42C9B52151A67400C3C367 /* Debug */ = {
			isa = XCBuildConfiguration;
			buildSettings = {
				ALWAYS_SEARCH_USER_PATHS = NO;
				CLANG_ANALYZER_LOCALIZABILITY_NONLOCALIZED = YES;
				CLANG_ANALYZER_NONNULL = YES;
				CLANG_ANALYZER_NUMBER_OBJECT_CONVERSION = YES_AGGRESSIVE;
				CLANG_CXX_LANGUAGE_STANDARD = "gnu++14";
				CLANG_CXX_LIBRARY = "libc++";
				CLANG_ENABLE_MODULES = YES;
				CLANG_ENABLE_OBJC_ARC = YES;
				CLANG_ENABLE_OBJC_WEAK = YES;
				CLANG_WARN_BLOCK_CAPTURE_AUTORELEASING = YES;
				CLANG_WARN_BOOL_CONVERSION = YES;
				CLANG_WARN_COMMA = YES;
				CLANG_WARN_CONSTANT_CONVERSION = YES;
				CLANG_WARN_DEPRECATED_OBJC_IMPLEMENTATIONS = YES;
				CLANG_WARN_DIRECT_OBJC_ISA_USAGE = YES_ERROR;
				CLANG_WARN_DOCUMENTATION_COMMENTS = YES;
				CLANG_WARN_EMPTY_BODY = YES;
				CLANG_WARN_ENUM_CONVERSION = YES;
				CLANG_WARN_INFINITE_RECURSION = YES;
				CLANG_WARN_INT_CONVERSION = YES;
				CLANG_WARN_NON_LITERAL_NULL_CONVERSION = YES;
				CLANG_WARN_OBJC_IMPLICIT_RETAIN_SELF = YES;
				CLANG_WARN_OBJC_LITERAL_CONVERSION = YES;
				CLANG_WARN_OBJC_ROOT_CLASS = YES_ERROR;
				CLANG_WARN_RANGE_LOOP_ANALYSIS = YES;
				CLANG_WARN_STRICT_PROTOTYPES = YES;
				CLANG_WARN_SUSPICIOUS_MOVE = YES;
				CLANG_WARN_UNGUARDED_AVAILABILITY = YES_AGGRESSIVE;
				CLANG_WARN_UNREACHABLE_CODE = YES;
				CLANG_WARN__DUPLICATE_METHOD_MATCH = YES;
				CODE_SIGN_IDENTITY = "iPhone Developer";
				COPY_PHASE_STRIP = NO;
				DEBUG_INFORMATION_FORMAT = dwarf;
				ENABLE_STRICT_OBJC_MSGSEND = YES;
				ENABLE_TESTABILITY = YES;
				GCC_C_LANGUAGE_STANDARD = gnu11;
				GCC_DYNAMIC_NO_PIC = NO;
				GCC_NO_COMMON_BLOCKS = YES;
				GCC_OPTIMIZATION_LEVEL = 0;
				GCC_PREPROCESSOR_DEFINITIONS = (
					"DEBUG=1",
					"$(inherited)",
				);
				GCC_WARN_64_TO_32_BIT_CONVERSION = YES;
				GCC_WARN_ABOUT_RETURN_TYPE = YES_ERROR;
				GCC_WARN_UNDECLARED_SELECTOR = YES;
				GCC_WARN_UNINITIALIZED_AUTOS = YES_AGGRESSIVE;
				GCC_WARN_UNUSED_FUNCTION = YES;
				GCC_WARN_UNUSED_VARIABLE = YES;
				IPHONEOS_DEPLOYMENT_TARGET = 12.0;
				MTL_ENABLE_DEBUG_INFO = INCLUDE_SOURCE;
				MTL_FAST_MATH = YES;
				ONLY_ACTIVE_ARCH = YES;
				SDKROOT = iphoneos;
				SWIFT_ACTIVE_COMPILATION_CONDITIONS = DEBUG;
				SWIFT_OPTIMIZATION_LEVEL = "-Onone";
			};
			name = Debug;
		};
		AB42C9B62151A67400C3C367 /* Release */ = {
			isa = XCBuildConfiguration;
			buildSettings = {
				ALWAYS_SEARCH_USER_PATHS = NO;
				CLANG_ANALYZER_LOCALIZABILITY_NONLOCALIZED = YES;
				CLANG_ANALYZER_NONNULL = YES;
				CLANG_ANALYZER_NUMBER_OBJECT_CONVERSION = YES_AGGRESSIVE;
				CLANG_CXX_LANGUAGE_STANDARD = "gnu++14";
				CLANG_CXX_LIBRARY = "libc++";
				CLANG_ENABLE_MODULES = YES;
				CLANG_ENABLE_OBJC_ARC = YES;
				CLANG_ENABLE_OBJC_WEAK = YES;
				CLANG_WARN_BLOCK_CAPTURE_AUTORELEASING = YES;
				CLANG_WARN_BOOL_CONVERSION = YES;
				CLANG_WARN_COMMA = YES;
				CLANG_WARN_CONSTANT_CONVERSION = YES;
				CLANG_WARN_DEPRECATED_OBJC_IMPLEMENTATIONS = YES;
				CLANG_WARN_DIRECT_OBJC_ISA_USAGE = YES_ERROR;
				CLANG_WARN_DOCUMENTATION_COMMENTS = YES;
				CLANG_WARN_EMPTY_BODY = YES;
				CLANG_WARN_ENUM_CONVERSION = YES;
				CLANG_WARN_INFINITE_RECURSION = YES;
				CLANG_WARN_INT_CONVERSION = YES;
				CLANG_WARN_NON_LITERAL_NULL_CONVERSION = YES;
				CLANG_WARN_OBJC_IMPLICIT_RETAIN_SELF = YES;
				CLANG_WARN_OBJC_LITERAL_CONVERSION = YES;
				CLANG_WARN_OBJC_ROOT_CLASS = YES_ERROR;
				CLANG_WARN_RANGE_LOOP_ANALYSIS = YES;
				CLANG_WARN_STRICT_PROTOTYPES = YES;
				CLANG_WARN_SUSPICIOUS_MOVE = YES;
				CLANG_WARN_UNGUARDED_AVAILABILITY = YES_AGGRESSIVE;
				CLANG_WARN_UNREACHABLE_CODE = YES;
				CLANG_WARN__DUPLICATE_METHOD_MATCH = YES;
				CODE_SIGN_IDENTITY = "iPhone Developer";
				COPY_PHASE_STRIP = NO;
				DEBUG_INFORMATION_FORMAT = "dwarf-with-dsym";
				ENABLE_NS_ASSERTIONS = NO;
				ENABLE_STRICT_OBJC_MSGSEND = YES;
				GCC_C_LANGUAGE_STANDARD = gnu11;
				GCC_NO_COMMON_BLOCKS = YES;
				GCC_WARN_64_TO_32_BIT_CONVERSION = YES;
				GCC_WARN_ABOUT_RETURN_TYPE = YES_ERROR;
				GCC_WARN_UNDECLARED_SELECTOR = YES;
				GCC_WARN_UNINITIALIZED_AUTOS = YES_AGGRESSIVE;
				GCC_WARN_UNUSED_FUNCTION = YES;
				GCC_WARN_UNUSED_VARIABLE = YES;
				IPHONEOS_DEPLOYMENT_TARGET = 12.0;
				MTL_ENABLE_DEBUG_INFO = NO;
				MTL_FAST_MATH = YES;
				SDKROOT = iphoneos;
				SWIFT_COMPILATION_MODE = wholemodule;
				SWIFT_OPTIMIZATION_LEVEL = "-O";
				VALIDATE_PRODUCT = YES;
			};
			name = Release;
		};
		AB42C9B82151A67400C3C367 /* Debug */ = {
			isa = XCBuildConfiguration;
			baseConfigurationReference = 97C7BAAEAC8024DFED4CCBA0 /* Pods-RSS Feed Reader.debug.xcconfig */;
			buildSettings = {
				ASSETCATALOG_COMPILER_APPICON_NAME = AppIcon;
				CODE_SIGN_STYLE = Automatic;
				DEVELOPMENT_TEAM = N8AX386RTP;
				INFOPLIST_FILE = "RSS Feed Reader/Info.plist";
				IPHONEOS_DEPLOYMENT_TARGET = 10.0;
				LD_RUNPATH_SEARCH_PATHS = (
					"$(inherited)",
					"@executable_path/Frameworks",
				);
				PRODUCT_BUNDLE_IDENTIFIER = "AlexeyVoronov.RSS-Feed-Reader";
				PRODUCT_NAME = "$(TARGET_NAME)";
				SWIFT_VERSION = 4.2;
				TARGETED_DEVICE_FAMILY = "1,2";
			};
			name = Debug;
		};
		AB42C9B92151A67400C3C367 /* Release */ = {
			isa = XCBuildConfiguration;
			baseConfigurationReference = E1BCAE0A4F9D1B9706CC4B6A /* Pods-RSS Feed Reader.release.xcconfig */;
			buildSettings = {
				ASSETCATALOG_COMPILER_APPICON_NAME = AppIcon;
				CODE_SIGN_STYLE = Automatic;
				DEVELOPMENT_TEAM = N8AX386RTP;
				INFOPLIST_FILE = "RSS Feed Reader/Info.plist";
				IPHONEOS_DEPLOYMENT_TARGET = 10.0;
				LD_RUNPATH_SEARCH_PATHS = (
					"$(inherited)",
					"@executable_path/Frameworks",
				);
				PRODUCT_BUNDLE_IDENTIFIER = "AlexeyVoronov.RSS-Feed-Reader";
				PRODUCT_NAME = "$(TARGET_NAME)";
				SWIFT_VERSION = 4.2;
				TARGETED_DEVICE_FAMILY = "1,2";
			};
			name = Release;
		};
/* End XCBuildConfiguration section */

/* Begin XCConfigurationList section */
		AB42C9A02151A67300C3C367 /* Build configuration list for PBXProject "RSS Feed Reader" */ = {
			isa = XCConfigurationList;
			buildConfigurations = (
				AB42C9B52151A67400C3C367 /* Debug */,
				AB42C9B62151A67400C3C367 /* Release */,
			);
			defaultConfigurationIsVisible = 0;
			defaultConfigurationName = Release;
		};
		AB42C9B72151A67400C3C367 /* Build configuration list for PBXNativeTarget "RSS Feed Reader" */ = {
			isa = XCConfigurationList;
			buildConfigurations = (
				AB42C9B82151A67400C3C367 /* Debug */,
				AB42C9B92151A67400C3C367 /* Release */,
			);
			defaultConfigurationIsVisible = 0;
			defaultConfigurationName = Release;
		};
/* End XCConfigurationList section */

/* Begin XCVersionGroup section */
		AB9780E721864CC000F59270 /* AppData.xcdatamodeld */ = {
			isa = XCVersionGroup;
			children = (
				AB9780E821864CC000F59270 /* AppData.xcdatamodel */,
			);
			currentVersion = AB9780E821864CC000F59270 /* AppData.xcdatamodel */;
			path = AppData.xcdatamodeld;
			sourceTree = "<group>";
			versionGroupType = wrapper.xcdatamodel;
		};
/* End XCVersionGroup section */
	};
	rootObject = AB42C99D2151A67300C3C367 /* Project object */;
}
